
Microsoft Visual Studio Solution File, Format Version 12.00
# Visual Studio 15
Project("{FAE04EC0-301F-11D3-BF4B-00C04F79EFBC}") = "Assembly-CSharp", "Assembly-CSharp.csproj", "{548FDA48-27CD-96C7-D583-75B7C82DB0C6}"
EndProject
Project("{FAE04EC0-301F-11D3-BF4B-00C04F79EFBC}") = "Assembly-CSharp-Editor", "Assembly-CSharp-Editor.csproj", "{9BD6EC43-8A7F-659C-D6B0-7CD91D161D31}"
EndProject
Project("{FAE04EC0-301F-11D3-BF4B-00C04F79EFBC}") = "GoogleMobileAds.Editor", "GoogleMobileAds.Editor.csproj", "{FEF31064-0BA7-CCDD-859B-4904269619AC}"
EndProject
Global
	GlobalSection(SolutionConfigurationPlatforms) = preSolution
		Debug|Any CPU = Debug|Any CPU
		Release|Any CPU = Release|Any CPU
	EndGlobalSection
	GlobalSection(ProjectConfigurationPlatforms) = postSolution
		{548FDA48-27CD-96C7-D583-75B7C82DB0C6}.Debug|Any CPU.ActiveCfg = Debug|Any CPU
		{548FDA48-27CD-96C7-D583-75B7C82DB0C6}.Debug|Any CPU.Build.0 = Debug|Any CPU
		{548FDA48-27CD-96C7-D583-75B7C82DB0C6}.Release|Any CPU.ActiveCfg = Release|Any CPU
		{548FDA48-27CD-96C7-D583-75B7C82DB0C6}.Release|Any CPU.Build.0 = Release|Any CPU
		{9BD6EC43-8A7F-659C-D6B0-7CD91D161D31}.Debug|Any CPU.ActiveCfg = Debug|Any CPU
		{9BD6EC43-8A7F-659C-D6B0-7CD91D161D31}.Debug|Any CPU.Build.0 = Debug|Any CPU
		{9BD6EC43-8A7F-659C-D6B0-7CD91D161D31}.Release|Any CPU.ActiveCfg = Release|Any CPU
		{9BD6EC43-8A7F-659C-D6B0-7CD91D161D31}.Release|Any CPU.Build.0 = Release|Any CPU
		{FEF31064-0BA7-CCDD-859B-4904269619AC}.Debug|Any CPU.ActiveCfg = Debug|Any CPU
		{FEF31064-0BA7-CCDD-859B-4904269619AC}.Debug|Any CPU.Build.0 = Debug|Any CPU
		{FEF31064-0BA7-CCDD-859B-4904269619AC}.Release|Any CPU.ActiveCfg = Release|Any CPU
		{FEF31064-0BA7-CCDD-859B-4904269619AC}.Release|Any CPU.Build.0 = Release|Any CPU
	EndGlobalSection
	GlobalSection(SolutionProperties) = preSolution
		HideSolutionNode = FALSE
	EndGlobalSection
EndGlobal
